// !$*UTF8*$!
{
	archiveVersion = 1;
	classes = {
	};
	objectVersion = 48;
	objects = {

/* Begin PBXBuildFile section */
		6F4786B42065859D00EC0337 /* BucketListViewController.swift in Sources */ = {isa = PBXBuildFile; fileRef = 6F4786B32065859D00EC0337 /* BucketListViewController.swift */; };
		6FC96249205E316000274F98 /* addItemTableViewControllerDelegate.swift in Sources */ = {isa = PBXBuildFile; fileRef = 6FC96248205E316000274F98 /* addItemTableViewControllerDelegate.swift */; };
		6FE10AF2205E1C17008F3434 /* AppDelegate.swift in Sources */ = {isa = PBXBuildFile; fileRef = 6FE10AF1205E1C17008F3434 /* AppDelegate.swift */; };
		6FE10AF7205E1C17008F3434 /* Main.storyboard in Resources */ = {isa = PBXBuildFile; fileRef = 6FE10AF5205E1C17008F3434 /* Main.storyboard */; };
		6FE10AFA205E1C17008F3434 /* New_Bucket_List.xcdatamodeld in Sources */ = {isa = PBXBuildFile; fileRef = 6FE10AF8205E1C17008F3434 /* New_Bucket_List.xcdatamodeld */; };
		6FE10AFC205E1C17008F3434 /* Assets.xcassets in Resources */ = {isa = PBXBuildFile; fileRef = 6FE10AFB205E1C17008F3434 /* Assets.xcassets */; };
		6FE10AFF205E1C17008F3434 /* LaunchScreen.storyboard in Resources */ = {isa = PBXBuildFile; fileRef = 6FE10AFD205E1C17008F3434 /* LaunchScreen.storyboard */; };
		6FE10B0A205E1C18008F3434 /* New_Bucket_ListTests.swift in Sources */ = {isa = PBXBuildFile; fileRef = 6FE10B09205E1C18008F3434 /* New_Bucket_ListTests.swift */; };
		6FE10B15205E1C18008F3434 /* New_Bucket_ListUITests.swift in Sources */ = {isa = PBXBuildFile; fileRef = 6FE10B14205E1C18008F3434 /* New_Bucket_ListUITests.swift */; };
		6FE10B23205E245B008F3434 /* AddItemTableViewController.swift in Sources */ = {isa = PBXBuildFile; fileRef = 6FE10B22205E245B008F3434 /* AddItemTableViewController.swift */; };
/* End PBXBuildFile section */

/* Begin PBXContainerItemProxy section */
		6FE10B06205E1C18008F3434 /* PBXContainerItemProxy */ = {
			isa = PBXContainerItemProxy;
			containerPortal = 6FE10AE6205E1C17008F3434 /* Project object */;
			proxyType = 1;
			remoteGlobalIDString = 6FE10AED205E1C17008F3434;
			remoteInfo = "New Bucket List";
		};
		6FE10B11205E1C18008F3434 /* PBXContainerItemProxy */ = {
			isa = PBXContainerItemProxy;
			containerPortal = 6FE10AE6205E1C17008F3434 /* Project object */;
			proxyType = 1;
			remoteGlobalIDString = 6FE10AED205E1C17008F3434;
			remoteInfo = "New Bucket List";
		};
/* End PBXContainerItemProxy section */

/* Begin PBXFileReference section */
		6F4786B32065859D00EC0337 /* BucketListViewController.swift */ = {isa = PBXFileReference; fileEncoding = 4; lastKnownFileType = sourcecode.swift; name = BucketListViewController.swift; path = ../../../../../../.Trash/BucketListViewController.swift; sourceTree = "<group>"; };
		6FC96248205E316000274F98 /* addItemTableViewControllerDelegate.swift */ = {isa = PBXFileReference; lastKnownFileType = sourcecode.swift; path = addItemTableViewControllerDelegate.swift; sourceTree = "<group>"; };
		6FE10AEE205E1C17008F3434 /* New Bucket List.app */ = {isa = PBXFileReference; explicitFileType = wrapper.application; includeInIndex = 0; path = "New Bucket List.app"; sourceTree = BUILT_PRODUCTS_DIR; };
		6FE10AF1205E1C17008F3434 /* AppDelegate.swift */ = {isa = PBXFileReference; lastKnownFileType = sourcecode.swift; path = AppDelegate.swift; sourceTree = "<group>"; };
		6FE10AF6205E1C17008F3434 /* Base */ = {isa = PBXFileReference; lastKnownFileType = file.storyboard; name = Base; path = Base.lproj/Main.storyboard; sourceTree = "<group>"; };
		6FE10AF9205E1C17008F3434 /* New_Bucket_List.xcdatamodel */ = {isa = PBXFileReference; lastKnownFileType = wrapper.xcdatamodel; path = New_Bucket_List.xcdatamodel; sourceTree = "<group>"; };
		6FE10AFB205E1C17008F3434 /* Assets.xcassets */ = {isa = PBXFileReference; lastKnownFileType = folder.assetcatalog; path = Assets.xcassets; sourceTree = "<group>"; };
		6FE10AFE205E1C17008F3434 /* Base */ = {isa = PBXFileReference; lastKnownFileType = file.storyboard; name = Base; path = Base.lproj/LaunchScreen.storyboard; sourceTree = "<group>"; };
		6FE10B00205E1C17008F3434 /* Info.plist */ = {isa = PBXFileReference; lastKnownFileType = text.plist.xml; path = Info.plist; sourceTree = "<group>"; };
		6FE10B05205E1C18008F3434 /* New Bucket ListTests.xctest */ = {isa = PBXFileReference; explicitFileType = wrapper.cfbundle; includeInIndex = 0; path = "New Bucket ListTests.xctest"; sourceTree = BUILT_PRODUCTS_DIR; };
		6FE10B09205E1C18008F3434 /* New_Bucket_ListTests.swift */ = {isa = PBXFileReference; lastKnownFileType = sourcecode.swift; path = New_Bucket_ListTests.swift; sourceTree = "<group>"; };
		6FE10B0B205E1C18008F3434 /* Info.plist */ = {isa = PBXFileReference; lastKnownFileType = text.plist.xml; path = Info.plist; sourceTree = "<group>"; };
		6FE10B10205E1C18008F3434 /* New Bucket ListUITests.xctest */ = {isa = PBXFileReference; explicitFileType = wrapper.cfbundle; includeInIndex = 0; path = "New Bucket ListUITests.xctest"; sourceTree = BUILT_PRODUCTS_DIR; };
		6FE10B14205E1C18008F3434 /* New_Bucket_ListUITests.swift */ = {isa = PBXFileReference; lastKnownFileType = sourcecode.swift; path = New_Bucket_ListUITests.swift; sourceTree = "<group>"; };
		6FE10B16205E1C18008F3434 /* Info.plist */ = {isa = PBXFileReference; lastKnownFileType = text.plist.xml; path = Info.plist; sourceTree = "<group>"; };
		6FE10B22205E245B008F3434 /* AddItemTableViewController.swift */ = {isa = PBXFileReference; lastKnownFileType = sourcecode.swift; path = AddItemTableViewController.swift; sourceTree = "<group>"; };
/* End PBXFileReference section */

/* Begin PBXFrameworksBuildPhase section */
		6FE10AEB205E1C17008F3434 /* Frameworks */ = {
			isa = PBXFrameworksBuildPhase;
			buildActionMask = 2147483647;
			files = (
			);
			runOnlyForDeploymentPostprocessing = 0;
		};
		6FE10B02205E1C18008F3434 /* Frameworks */ = {
			isa = PBXFrameworksBuildPhase;
			buildActionMask = 2147483647;
			files = (
			);
			runOnlyForDeploymentPostprocessing = 0;
		};
		6FE10B0D205E1C18008F3434 /* Frameworks */ = {
			isa = PBXFrameworksBuildPhase;
			buildActionMask = 2147483647;
			files = (
			);
			runOnlyForDeploymentPostprocessing = 0;
		};
/* End PBXFrameworksBuildPhase section */

/* Begin PBXGroup section */
		6FE10AE5205E1C17008F3434 = {
			isa = PBXGroup;
			children = (
				6FE10AF0205E1C17008F3434 /* New Bucket List */,
				6FE10B08205E1C18008F3434 /* New Bucket ListTests */,
				6FE10B13205E1C18008F3434 /* New Bucket ListUITests */,
				6FE10AEF205E1C17008F3434 /* Products */,
			);
			sourceTree = "<group>";
		};
		6FE10AEF205E1C17008F3434 /* Products */ = {
			isa = PBXGroup;
			children = (
				6FE10AEE205E1C17008F3434 /* New Bucket List.app */,
				6FE10B05205E1C18008F3434 /* New Bucket ListTests.xctest */,
				6FE10B10205E1C18008F3434 /* New Bucket ListUITests.xctest */,
			);
			name = Products;
			sourceTree = "<group>";
		};
		6FE10AF0205E1C17008F3434 /* New Bucket List */ = {
			isa = PBXGroup;
			children = (
				6FE10AF1205E1C17008F3434 /* AppDelegate.swift */,
				6F4786B32065859D00EC0337 /* BucketListViewController.swift */,
				6FE10AF5205E1C17008F3434 /* Main.storyboard */,
				6FC96248205E316000274F98 /* addItemTableViewControllerDelegate.swift */,
				6FE10B22205E245B008F3434 /* AddItemTableViewController.swift */,
				6FE10AFB205E1C17008F3434 /* Assets.xcassets */,
				6FE10AFD205E1C17008F3434 /* LaunchScreen.storyboard */,
				6FE10B00205E1C17008F3434 /* Info.plist */,
				6FE10AF8205E1C17008F3434 /* New_Bucket_List.xcdatamodeld */,
			);
			path = "New Bucket List";
			sourceTree = "<group>";
		};
		6FE10B08205E1C18008F3434 /* New Bucket ListTests */ = {
			isa = PBXGroup;
			children = (
				6FE10B09205E1C18008F3434 /* New_Bucket_ListTests.swift */,
				6FE10B0B205E1C18008F3434 /* Info.plist */,
			);
			path = "New Bucket ListTests";
			sourceTree = "<group>";
		};
		6FE10B13205E1C18008F3434 /* New Bucket ListUITests */ = {
			isa = PBXGroup;
			children = (
				6FE10B14205E1C18008F3434 /* New_Bucket_ListUITests.swift */,
				6FE10B16205E1C18008F3434 /* Info.plist */,
			);
			path = "New Bucket ListUITests";
			sourceTree = "<group>";
		};
/* End PBXGroup section */

/* Begin PBXNativeTarget section */
		6FE10AED205E1C17008F3434 /* New Bucket List */ = {
			isa = PBXNativeTarget;
			buildConfigurationList = 6FE10B19205E1C18008F3434 /* Build configuration list for PBXNativeTarget "New Bucket List" */;
			buildPhases = (
				6FE10AEA205E1C17008F3434 /* Sources */,
				6FE10AEB205E1C17008F3434 /* Frameworks */,
				6FE10AEC205E1C17008F3434 /* Resources */,
			);
			buildRules = (
			);
			dependencies = (
			);
			name = "New Bucket List";
			productName = "New Bucket List";
			productReference = 6FE10AEE205E1C17008F3434 /* New Bucket List.app */;
			productType = "com.apple.product-type.application";
		};
		6FE10B04205E1C18008F3434 /* New Bucket ListTests */ = {
			isa = PBXNativeTarget;
			buildConfigurationList = 6FE10B1C205E1C18008F3434 /* Build configuration list for PBXNativeTarget "New Bucket ListTests" */;
			buildPhases = (
				6FE10B01205E1C18008F3434 /* Sources */,
				6FE10B02205E1C18008F3434 /* Frameworks */,
				6FE10B03205E1C18008F3434 /* Resources */,
			);
			buildRules = (
			);
			dependencies = (
				6FE10B07205E1C18008F3434 /* PBXTargetDependency */,
			);
			name = "New Bucket ListTests";
			productName = "New Bucket ListTests";
			productReference = 6FE10B05205E1C18008F3434 /* New Bucket ListTests.xctest */;
			productType = "com.apple.product-type.bundle.unit-test";
		};
		6FE10B0F205E1C18008F3434 /* New Bucket ListUITests */ = {
			isa = PBXNativeTarget;
			buildConfigurationList = 6FE10B1F205E1C18008F3434 /* Build configuration list for PBXNativeTarget "New Bucket ListUITests" */;
			buildPhases = (
				6FE10B0C205E1C18008F3434 /* Sources */,
				6FE10B0D205E1C18008F3434 /* Frameworks */,
				6FE10B0E205E1C18008F3434 /* Resources */,
			);
			buildRules = (
			);
			dependencies = (
				6FE10B12205E1C18008F3434 /* PBXTargetDependency */,
			);
			name = "New Bucket ListUITests";
			productName = "New Bucket ListUITests";
			productReference = 6FE10B10205E1C18008F3434 /* New Bucket ListUITests.xctest */;
			productType = "com.apple.product-type.bundle.ui-testing";
		};
/* End PBXNativeTarget section */

/* Begin PBXProject section */
		6FE10AE6205E1C17008F3434 /* Project object */ = {
			isa = PBXProject;
			attributes = {
				LastSwiftUpdateCheck = 0920;
				LastUpgradeCheck = 0920;
				ORGANIZATIONNAME = "Ian Yang";
				TargetAttributes = {
					6FE10AED205E1C17008F3434 = {
						CreatedOnToolsVersion = 9.2;
						ProvisioningStyle = Automatic;
					};
					6FE10B04205E1C18008F3434 = {
						CreatedOnToolsVersion = 9.2;
						ProvisioningStyle = Automatic;
						TestTargetID = 6FE10AED205E1C17008F3434;
					};
					6FE10B0F205E1C18008F3434 = {
						CreatedOnToolsVersion = 9.2;
						ProvisioningStyle = Automatic;
						TestTargetID = 6FE10AED205E1C17008F3434;
					};
				};
			};
			buildConfigurationList = 6FE10AE9205E1C17008F3434 /* Build configuration list for PBXProject "New Bucket List" */;
			compatibilityVersion = "Xcode 8.0";
			developmentRegion = en;
			hasScannedForEncodings = 0;
			knownRegions = (
				en,
				Base,
			);
			mainGroup = 6FE10AE5205E1C17008F3434;
			productRefGroup = 6FE10AEF205E1C17008F3434 /* Products */;
			projectDirPath = "";
			projectRoot = "";
			targets = (
				6FE10AED205E1C17008F3434 /* New Bucket List */,
				6FE10B04205E1C18008F3434 /* New Bucket ListTests */,
				6FE10B0F205E1C18008F3434 /* New Bucket ListUITests */,
			);
		};
/* End PBXProject section */

/* Begin PBXResourcesBuildPhase section */
		6FE10AEC205E1C17008F3434 /* Resources */ = {
			isa = PBXResourcesBuildPhase;
			buildActionMask = 2147483647;
			files = (
				6FE10AFF205E1C17008F3434 /* LaunchScreen.storyboard in Resources */,
				6FE10AFC205E1C17008F3434 /* Assets.xcassets in Resources */,
				6FE10AF7205E1C17008F3434 /* Main.storyboard in Resources */,
			);
			runOnlyForDeploymentPostprocessing = 0;
		};
		6FE10B03205E1C18008F3434 /* Resources */ = {
			isa = PBXResourcesBuildPhase;
			buildActionMask = 2147483647;
			files = (
			);
			runOnlyForDeploymentPostprocessing = 0;
		};
		6FE10B0E205E1C18008F3434 /* Resources */ = {
			isa = PBXResourcesBuildPhase;
			buildActionMask = 2147483647;
			files = (
			);
			runOnlyForDeploymentPostprocessing = 0;
		};
/* End PBXResourcesBuildPhase section */

/* Begin PBXSourcesBuildPhase section */
		6FE10AEA205E1C17008F3434 /* Sources */ = {
			isa = PBXSourcesBuildPhase;
			buildActionMask = 2147483647;
			files = (
				6FE10B23205E245B008F3434 /* AddItemTableViewController.swift in Sources */,
				6FE10AFA205E1C17008F3434 /* New_Bucket_List.xcdatamodeld in Sources */,
				6FE10AF2205E1C17008F3434 /* AppDelegate.swift in Sources */,
				6F4786B42065859D00EC0337 /* BucketListViewController.swift in Sources */,
				6FC96249205E316000274F98 /* addItemTableViewControllerDelegate.swift in Sources */,
			);
			runOnlyForDeploymentPostprocessing = 0;
		};
		6FE10B01205E1C18008F3434 /* Sources */ = {
			isa = PBXSourcesBuildPhase;
			buildActionMask = 2147483647;
			files = (
				6FE10B0A205E1C18008F3434 /* New_Bucket_ListTests.swift in Sources */,
			);
			runOnlyForDeploymentPostprocessing = 0;
		};
		6FE10B0C205E1C18008F3434 /* Sources */ = {
			isa = PBXSourcesBuildPhase;
			buildActionMask = 2147483647;
			files = (
				6FE10B15205E1C18008F3434 /* New_Bucket_ListUITests.swift in Sources */,
			);
			runOnlyForDeploymentPostprocessing = 0;
		};
/* End PBXSourcesBuildPhase section */

/* Begin PBXTargetDependency section */
		6FE10B07205E1C18008F3434 /* PBXTargetDependency */ = {
			isa = PBXTargetDependency;
			target = 6FE10AED205E1C17008F3434 /* New Bucket List */;
			targetProxy = 6FE10B06205E1C18008F3434 /* PBXContainerItemProxy */;
		};
		6FE10B12205E1C18008F3434 /* PBXTargetDependency */ = {
			isa = PBXTargetDependency;
			target = 6FE10AED205E1C17008F3434 /* New Bucket List */;
			targetProxy = 6FE10B11205E1C18008F3434 /* PBXContainerItemProxy */;
		};
/* End PBXTargetDependency section */

/* Begin PBXVariantGroup section */
		6FE10AF5205E1C17008F3434 /* Main.storyboard */ = {
			isa = PBXVariantGroup;
			children = (
				6FE10AF6205E1C17008F3434 /* Base */,
			);
			name = Main.storyboard;
			sourceTree = "<group>";
		};
		6FE10AFD205E1C17008F3434 /* LaunchScreen.storyboard */ = {
			isa = PBXVariantGroup;
			children = (
				6FE10AFE205E1C17008F3434 /* Base */,
			);
			name = LaunchScreen.storyboard;
			sourceTree = "<group>";
		};
/* End PBXVariantGroup section */

/* Begin XCBuildConfiguration section */
		6FE10B17205E1C18008F3434 /* Debug */ = {
			isa = XCBuildConfiguration;
			buildSettings = {
				ALWAYS_SEARCH_USER_PATHS = NO;
				CLANG_ANALYZER_NONNULL = YES;
				CLANG_ANALYZER_NUMBER_OBJECT_CONVERSION = YES_AGGRESSIVE;
				CLANG_CXX_LANGUAGE_STANDARD = "gnu++14";
				CLANG_CXX_LIBRARY = "libc++";
				CLANG_ENABLE_MODULES = YES;
				CLANG_ENABLE_OBJC_ARC = YES;
				CLANG_WARN_BLOCK_CAPTURE_AUTORELEASING = YES;
				CLANG_WARN_BOOL_CONVERSION = YES;
				CLANG_WARN_COMMA = YES;
				CLANG_WARN_CONSTANT_CONVERSION = YES;
				CLANG_WARN_DIRECT_OBJC_ISA_USAGE = YES_ERROR;
				CLANG_WARN_DOCUMENTATION_COMMENTS = YES;
				CLANG_WARN_EMPTY_BODY = YES;
				CLANG_WARN_ENUM_CONVERSION = YES;
				CLANG_WARN_INFINITE_RECURSION = YES;
				CLANG_WARN_INT_CONVERSION = YES;
				CLANG_WARN_NON_LITERAL_NULL_CONVERSION = YES;
				CLANG_WARN_OBJC_LITERAL_CONVERSION = YES;
				CLANG_WARN_OBJC_ROOT_CLASS = YES_ERROR;
				CLANG_WARN_RANGE_LOOP_ANALYSIS = YES;
				CLANG_WARN_STRICT_PROTOTYPES = YES;
				CLANG_WARN_SUSPICIOUS_MOVE = YES;
				CLANG_WARN_UNGUARDED_AVAILABILITY = YES_AGGRESSIVE;
				CLANG_WARN_UNREACHABLE_CODE = YES;
				CLANG_WARN__DUPLICATE_METHOD_MATCH = YES;
				CODE_SIGN_IDENTITY = "iPhone Developer";
				COPY_PHASE_STRIP = NO;
				DEBUG_INFORMATION_FORMAT = dwarf;
				ENABLE_STRICT_OBJC_MSGSEND = YES;
				ENABLE_TESTABILITY = YES;
				GCC_C_LANGUAGE_STANDARD = gnu11;
				GCC_DYNAMIC_NO_PIC = NO;
				GCC_NO_COMMON_BLOCKS = YES;
				GCC_OPTIMIZATION_LEVEL = 0;
				GCC_PREPROCESSOR_DEFINITIONS = (
					"DEBUG=1",
					"$(inherited)",
				);
				GCC_WARN_64_TO_32_BIT_CONVERSION = YES;
				GCC_WARN_ABOUT_RETURN_TYPE = YES_ERROR;
				GCC_WARN_UNDECLARED_SELECTOR = YES;
				GCC_WARN_UNINITIALIZED_AUTOS = YES_AGGRESSIVE;
				GCC_WARN_UNUSED_FUNCTION = YES;
				GCC_WARN_UNUSED_VARIABLE = YES;
				IPHONEOS_DEPLOYMENT_TARGET = 11.2;
				MTL_ENABLE_DEBUG_INFO = YES;
				ONLY_ACTIVE_ARCH = YES;
				SDKROOT = iphoneos;
				SWIFT_ACTIVE_COMPILATION_CONDITIONS = DEBUG;
				SWIFT_OPTIMIZATION_LEVEL = "-Onone";
			};
			name = Debug;
		};
		6FE10B18205E1C18008F3434 /* Release */ = {
			isa = XCBuildConfiguration;
			buildSettings = {
				ALWAYS_SEARCH_USER_PATHS = NO;
				CLANG_ANALYZER_NONNULL = YES;
				CLANG_ANALYZER_NUMBER_OBJECT_CONVERSION = YES_AGGRESSIVE;
				CLANG_CXX_LANGUAGE_STANDARD = "gnu++14";
				CLANG_CXX_LIBRARY = "libc++";
				CLANG_ENABLE_MODULES = YES;
				CLANG_ENABLE_OBJC_ARC = YES;
				CLANG_WARN_BLOCK_CAPTURE_AUTORELEASING = YES;
				CLANG_WARN_BOOL_CONVERSION = YES;
				CLANG_WARN_COMMA = YES;
				CLANG_WARN_CONSTANT_CONVERSION = YES;
				CLANG_WARN_DIRECT_OBJC_ISA_USAGE = YES_ERROR;
				CLANG_WARN_DOCUMENTATION_COMMENTS = YES;
				CLANG_WARN_EMPTY_BODY = YES;
				CLANG_WARN_ENUM_CONVERSION = YES;
				CLANG_WARN_INFINITE_RECURSION = YES;
				CLANG_WARN_INT_CONVERSION = YES;
				CLANG_WARN_NON_LITERAL_NULL_CONVERSION = YES;
				CLANG_WARN_OBJC_LITERAL_CONVERSION = YES;
				CLANG_WARN_OBJC_ROOT_CLASS = YES_ERROR;
				CLANG_WARN_RANGE_LOOP_ANALYSIS = YES;
				CLANG_WARN_STRICT_PROTOTYPES = YES;
				CLANG_WARN_SUSPICIOUS_MOVE = YES;
				CLANG_WARN_UNGUARDED_AVAILABILITY = YES_AGGRESSIVE;
				CLANG_WARN_UNREACHABLE_CODE = YES;
				CLANG_WARN__DUPLICATE_METHOD_MATCH = YES;
				CODE_SIGN_IDENTITY = "iPhone Developer";
				COPY_PHASE_STRIP = NO;
				DEBUG_INFORMATION_FORMAT = "dwarf-with-dsym";
				ENABLE_NS_ASSERTIONS = NO;
				ENABLE_STRICT_OBJC_MSGSEND = YES;
				GCC_C_LANGUAGE_STANDARD = gnu11;
				GCC_NO_COMMON_BLOCKS = YES;
				GCC_WARN_64_TO_32_BIT_CONVERSION = YES;
				GCC_WARN_ABOUT_RETURN_TYPE = YES_ERROR;
				GCC_WARN_UNDECLARED_SELECTOR = YES;
				GCC_WARN_UNINITIALIZED_AUTOS = YES_AGGRESSIVE;
				GCC_WARN_UNUSED_FUNCTION = YES;
				GCC_WARN_UNUSED_VARIABLE = YES;
				IPHONEOS_DEPLOYMENT_TARGET = 11.2;
				MTL_ENABLE_DEBUG_INFO = NO;
				SDKROOT = iphoneos;
				SWIFT_OPTIMIZATION_LEVEL = "-Owholemodule";
				VALIDATE_PRODUCT = YES;
			};
			name = Release;
		};
		6FE10B1A205E1C18008F3434 /* Debug */ = {
			isa = XCBuildConfiguration;
			buildSettings = {
				ASSETCATALOG_COMPILER_APPICON_NAME = AppIcon;
				CODE_SIGN_STYLE = Automatic;
				INFOPLIST_FILE = "New Bucket List/Info.plist";
				LD_RUNPATH_SEARCH_PATHS = "$(inherited) @executable_path/Frameworks";
				PRODUCT_BUNDLE_IDENTIFIER = "com.mycompany.New-Bucket-List";
				PRODUCT_NAME = "$(TARGET_NAME)";
				SWIFT_VERSION = 4.0;
				TARGETED_DEVICE_FAMILY = "1,2";
			};
			name = Debug;
		};
		6FE10B1B205E1C18008F3434 /* Release */ = {
			isa = XCBuildConfiguration;
			buildSettings = {
				ASSETCATALOG_COMPILER_APPICON_NAME = AppIcon;
				CODE_SIGN_STYLE = Automatic;
				INFOPLIST_FILE = "New Bucket List/Info.plist";
				LD_RUNPATH_SEARCH_PATHS = "$(inherited) @executable_path/Frameworks";
				PRODUCT_BUNDLE_IDENTIFIER = "com.mycompany.New-Bucket-List";
				PRODUCT_NAME = "$(TARGET_NAME)";
				SWIFT_VERSION = 4.0;
				TARGETED_DEVICE_FAMILY = "1,2";
			};
			name = Release;
		};
		6FE10B1D205E1C18008F3434 /* Debug */ = {
			isa = XCBuildConfiguration;
			buildSettings = {
				ALWAYS_EMBED_SWIFT_STANDARD_LIBRARIES = YES;
				BUNDLE_LOADER = "$(TEST_HOST)";
				CODE_SIGN_STYLE = Automatic;
				INFOPLIST_FILE = "New Bucket ListTests/Info.plist";
				LD_RUNPATH_SEARCH_PATHS = "$(inherited) @executable_path/Frameworks @loader_path/Frameworks";
				PRODUCT_BUNDLE_IDENTIFIER = "com.mycompany.New-Bucket-ListTests";
				PRODUCT_NAME = "$(TARGET_NAME)";
				SWIFT_VERSION = 4.0;
				TARGETED_DEVICE_FAMILY = "1,2";
				TEST_HOST = "$(BUILT_PRODUCTS_DIR)/New Bucket List.app/New Bucket List";
			};
			name = Debug;
		};
		6FE10B1E205E1C18008F3434 /* Release */ = {
			isa = XCBuildConfiguration;
			buildSettings = {
				ALWAYS_EMBED_SWIFT_STANDARD_LIBRARIES = YES;
				BUNDLE_LOADER = "$(TEST_HOST)";
				CODE_SIGN_STYLE = Automatic;
				INFOPLIST_FILE = "New Bucket ListTests/Info.plist";
				LD_RUNPATH_SEARCH_PATHS = "$(inherited) @executable_path/Frameworks @loader_path/Frameworks";
				PRODUCT_BUNDLE_IDENTIFIER = "com.mycompany.New-Bucket-ListTests";
				PRODUCT_NAME = "$(TARGET_NAME)";
				SWIFT_VERSION = 4.0;
				TARGETED_DEVICE_FAMILY = "1,2";
				TEST_HOST = "$(BUILT_PRODUCTS_DIR)/New Bucket List.app/New Bucket List";
			};
			name = Release;
		};
		6FE10B20205E1C18008F3434 /* Debug */ = {
			isa = XCBuildConfiguration;
			buildSettings = {
				ALWAYS_EMBED_SWIFT_STANDARD_LIBRARIES = YES;
				CODE_SIGN_STYLE = Automatic;
				INFOPLIST_FILE = "New Bucket ListUITests/Info.plist";
				LD_RUNPATH_SEARCH_PATHS = "$(inherited) @executable_path/Frameworks @loader_path/Frameworks";
				PRODUCT_BUNDLE_IDENTIFIER = "com.mycompany.New-Bucket-ListUITests";
				PRODUCT_NAME = "$(TARGET_NAME)";
				SWIFT_VERSION = 4.0;
				TARGETED_DEVICE_FAMILY = "1,2";
				TEST_TARGET_NAME = "New Bucket List";
			};
			name = Debug;
		};
		6FE10B21205E1C18008F3434 /* Release */ = {
			isa = XCBuildConfiguration;
			buildSettings = {
				ALWAYS_EMBED_SWIFT_STANDARD_LIBRARIES = YES;
				CODE_SIGN_STYLE = Automatic;
				INFOPLIST_FILE = "New Bucket ListUITests/Info.plist";
				LD_RUNPATH_SEARCH_PATHS = "$(inherited) @executable_path/Frameworks @loader_path/Frameworks";
				PRODUCT_BUNDLE_IDENTIFIER = "com.mycompany.New-Bucket-ListUITests";
				PRODUCT_NAME = "$(TARGET_NAME)";
				SWIFT_VERSION = 4.0;
				TARGETED_DEVICE_FAMILY = "1,2";
				TEST_TARGET_NAME = "New Bucket List";
			};
			name = Release;
		};
/* End XCBuildConfiguration section */

/* Begin XCConfigurationList section */
		6FE10AE9205E1C17008F3434 /* Build configuration list for PBXProject "New Bucket List" */ = {
			isa = XCConfigurationList;
			buildConfigurations = (
				6FE10B17205E1C18008F3434 /* Debug */,
				6FE10B18205E1C18008F3434 /* Release */,
			);
			defaultConfigurationIsVisible = 0;
			defaultConfigurationName = Release;
		};
		6FE10B19205E1C18008F3434 /* Build configuration list for PBXNativeTarget "New Bucket List" */ = {
			isa = XCConfigurationList;
			buildConfigurations = (
				6FE10B1A205E1C18008F3434 /* Debug */,
				6FE10B1B205E1C18008F3434 /* Release */,
			);
			defaultConfigurationIsVisible = 0;
			defaultConfigurationName = Release;
		};
		6FE10B1C205E1C18008F3434 /* Build configuration list for PBXNativeTarget "New Bucket ListTests" */ = {
			isa = XCConfigurationList;
			buildConfigurations = (
				6FE10B1D205E1C18008F3434 /* Debug */,
				6FE10B1E205E1C18008F3434 /* Release */,
			);
			defaultConfigurationIsVisible = 0;
			defaultConfigurationName = Release;
		};
		6FE10B1F205E1C18008F3434 /* Build configuration list for PBXNativeTarget "New Bucket ListUITests" */ = {
			isa = XCConfigurationList;
			buildConfigurations = (
				6FE10B20205E1C18008F3434 /* Debug */,
				6FE10B21205E1C18008F3434 /* Release */,
			);
			defaultConfigurationIsVisible = 0;
			defaultConfigurationName = Release;
		};
/* End XCConfigurationList section */

/* Begin XCVersionGroup section */
		6FE10AF8205E1C17008F3434 /* New_Bucket_List.xcdatamodeld */ = {
			isa = XCVersionGroup;
			children = (
				6FE10AF9205E1C17008F3434 /* New_Bucket_List.xcdatamodel */,
			);
			currentVersion = 6FE10AF9205E1C17008F3434 /* New_Bucket_List.xcdatamodel */;
			path = New_Bucket_List.xcdatamodeld;
			sourceTree = "<group>";
			versionGroupType = wrapper.xcdatamodel;
		};
/* End XCVersionGroup section */
	};
	rootObject = 6FE10AE6205E1C17008F3434 /* Project object */;
}
